<Solution>
  <Project Path="Wollet.Client.Application/Wollet.Client.Application.csproj" />
  <Project Path="Wollet.Client.Core/Wollet.Client.Core.csproj" />
  <Project Path="Wollet.Client.Core.Tests/Wollet.Client.Core.Tests.csproj" />
  <Project Path="Wollet.Client.Windows.Tests/Wollet.Client.Windows.Tests.csproj" />
  <Project Path="Wollet.Client/Wollet.Client.csproj" />
</Solution>
